
Microsoft Visual Studio Solution File, Format Version 12.00
# Visual Studio Version 17
VisualStudioVersion = 17.8.34330.188
MinimumVisualStudioVersion = 10.0.40219.1
Project("{FAE04EC0-301F-11D3-BF4B-00C04F79EFBC}") = "FlyeEngine", "FlyeEngine\FlyeEngine.csproj", "{048DA59B-DA77-41B5-B707-1C733166D93E}"
EndProject
Project("{FAE04EC0-301F-11D3-BF4B-00C04F79EFBC}") = "TestGame", "TestGame\TestGame.csproj", "{3FCF227A-95EB-439F-A72E-6D49AEF933B2}"
EndProject
Global
	GlobalSection(SolutionConfigurationPlatforms) = preSolution
		Debug|Any CPU = Debug|Any CPU
		Release|Any CPU = Release|Any CPU
	EndGlobalSection
	GlobalSection(ProjectConfigurationPlatforms) = postSolution
		{048DA59B-DA77-41B5-B707-1C733166D93E}.Debug|Any CPU.ActiveCfg = Debug|Any CPU
		{048DA59B-DA77-41B5-B707-1C733166D93E}.Debug|Any CPU.Build.0 = Debug|Any CPU
		{048DA59B-DA77-41B5-B707-1C733166D93E}.Release|Any CPU.ActiveCfg = Release|Any CPU
		{048DA59B-DA77-41B5-B707-1C733166D93E}.Release|Any CPU.Build.0 = Release|Any CPU
		{3FCF227A-95EB-439F-A72E-6D49AEF933B2}.Debug|Any CPU.ActiveCfg = Debug|Any CPU
		{3FCF227A-95EB-439F-A72E-6D49AEF933B2}.Debug|Any CPU.Build.0 = Debug|Any CPU
		{3FCF227A-95EB-439F-A72E-6D49AEF933B2}.Release|Any CPU.ActiveCfg = Release|Any CPU
		{3FCF227A-95EB-439F-A72E-6D49AEF933B2}.Release|Any CPU.Build.0 = Release|Any CPU
	EndGlobalSection
	GlobalSection(SolutionProperties) = preSolution
		HideSolutionNode = FALSE
	EndGlobalSection
	GlobalSection(ExtensibilityGlobals) = postSolution
		SolutionGuid = {151453D9-70EC-4966-9DEF-D017C9956B52}
	EndGlobalSection
EndGlobal
